
Microsoft Visual Studio Solution File, Format Version 12.00
# Visual Studio Version 17
VisualStudioVersion = 17.8.34330.188
MinimumVisualStudioVersion = 10.0.40219.1
Project("{9A19103F-16F7-4668-BE54-9A1E7A4F7556}") = "Api", "Api\Api.csproj", "{5BB7AA1B-651B-4A33-8AD9-93C3C13226AB}"
EndProject
Project("{9A19103F-16F7-4668-BE54-9A1E7A4F7556}") = "Application", "Application\Application.csproj", "{69E2A38E-771C-4F87-B802-3CC15EB3A58A}"
EndProject
Project("{9A19103F-16F7-4668-BE54-9A1E7A4F7556}") = "Domain", "Domain\Domain.csproj", "{3F30DF0F-CAF1-44A2-BBAF-F1BD68CCF650}"
EndProject
Project("{9A19103F-16F7-4668-BE54-9A1E7A4F7556}") = "Infrastructure", "Infrastructure\Infrastructure.csproj", "{C4178005-5EA8-4568-A750-BCB2478E2FF2}"
EndProject
Project("{FAE04EC0-301F-11D3-BF4B-00C04F79EFBC}") = "UnitTests", "UnitTests\UnitTests.csproj", "{D80DAD06-1DF4-45BF-BFBF-C6BB8FD11F01}"
EndProject
Global
	GlobalSection(SolutionConfigurationPlatforms) = preSolution
		Debug|Any CPU = Debug|Any CPU
		Release|Any CPU = Release|Any CPU
	EndGlobalSection
	GlobalSection(ProjectConfigurationPlatforms) = postSolution
		{5BB7AA1B-651B-4A33-8AD9-93C3C13226AB}.Debug|Any CPU.ActiveCfg = Debug|Any CPU
		{5BB7AA1B-651B-4A33-8AD9-93C3C13226AB}.Debug|Any CPU.Build.0 = Debug|Any CPU
		{5BB7AA1B-651B-4A33-8AD9-93C3C13226AB}.Release|Any CPU.ActiveCfg = Release|Any CPU
		{5BB7AA1B-651B-4A33-8AD9-93C3C13226AB}.Release|Any CPU.Build.0 = Release|Any CPU
		{69E2A38E-771C-4F87-B802-3CC15EB3A58A}.Debug|Any CPU.ActiveCfg = Debug|Any CPU
		{69E2A38E-771C-4F87-B802-3CC15EB3A58A}.Debug|Any CPU.Build.0 = Debug|Any CPU
		{69E2A38E-771C-4F87-B802-3CC15EB3A58A}.Release|Any CPU.ActiveCfg = Release|Any CPU
		{69E2A38E-771C-4F87-B802-3CC15EB3A58A}.Release|Any CPU.Build.0 = Release|Any CPU
		{3F30DF0F-CAF1-44A2-BBAF-F1BD68CCF650}.Debug|Any CPU.ActiveCfg = Debug|Any CPU
		{3F30DF0F-CAF1-44A2-BBAF-F1BD68CCF650}.Debug|Any CPU.Build.0 = Debug|Any CPU
		{3F30DF0F-CAF1-44A2-BBAF-F1BD68CCF650}.Release|Any CPU.ActiveCfg = Release|Any CPU
		{3F30DF0F-CAF1-44A2-BBAF-F1BD68CCF650}.Release|Any CPU.Build.0 = Release|Any CPU
		{C4178005-5EA8-4568-A750-BCB2478E2FF2}.Debug|Any CPU.ActiveCfg = Debug|Any CPU
		{C4178005-5EA8-4568-A750-BCB2478E2FF2}.Debug|Any CPU.Build.0 = Debug|Any CPU
		{C4178005-5EA8-4568-A750-BCB2478E2FF2}.Release|Any CPU.ActiveCfg = Release|Any CPU
		{C4178005-5EA8-4568-A750-BCB2478E2FF2}.Release|Any CPU.Build.0 = Release|Any CPU
		{D80DAD06-1DF4-45BF-BFBF-C6BB8FD11F01}.Debug|Any CPU.ActiveCfg = Debug|Any CPU
		{D80DAD06-1DF4-45BF-BFBF-C6BB8FD11F01}.Debug|Any CPU.Build.0 = Debug|Any CPU
		{D80DAD06-1DF4-45BF-BFBF-C6BB8FD11F01}.Release|Any CPU.ActiveCfg = Release|Any CPU
		{D80DAD06-1DF4-45BF-BFBF-C6BB8FD11F01}.Release|Any CPU.Build.0 = Release|Any CPU
	EndGlobalSection
	GlobalSection(SolutionProperties) = preSolution
		HideSolutionNode = FALSE
	EndGlobalSection
	GlobalSection(ExtensibilityGlobals) = postSolution
		SolutionGuid = {701D8426-1486-4002-90BC-B29E4749C745}
	EndGlobalSection
EndGlobal
